
Microsoft Visual Studio Solution File, Format Version 10.00
# Visual Studio 2008
Project("{8BC9CEB8-8B4A-11D0-8D11-00A0C91BC942}") = "LoganManager", "LoganManager\LoganManager.vcproj", "{2BBE6946-5DCD-4A9D-AFDE-FE0A6CE804DA}"
EndProject
Project("{8BC9CEB8-8B4A-11D0-8D11-00A0C91BC942}") = "DuiLib", "LoganUI\DuiLib.vcproj", "{E106ACD7-4E53-4AEE-942B-D0DD426DB34E}"
EndProject
Project("{8BC9CEB8-8B4A-11D0-8D11-00A0C91BC942}") = "Net", "Net\Net.vcproj", "{C24C4F53-FB28-40EE-B690-954E8A40A7B4}"
EndProject
Project("{8BC9CEB8-8B4A-11D0-8D11-00A0C91BC942}") = "VideoPlayer", "VideoPlayer\VideoPlayer.vcproj", "{72183335-8902-463D-B911-90D02E9DB22F}"
EndProject
Global
	GlobalSection(SolutionConfigurationPlatforms) = preSolution
		Debug|Win32 = Debug|Win32
		Release|Win32 = Release|Win32
		UnicodeDebug|Win32 = UnicodeDebug|Win32
		UnicodeRelease|Win32 = UnicodeRelease|Win32
	EndGlobalSection
	GlobalSection(ProjectConfigurationPlatforms) = postSolution
		{2BBE6946-5DCD-4A9D-AFDE-FE0A6CE804DA}.Debug|Win32.ActiveCfg = Debug|Win32
		{2BBE6946-5DCD-4A9D-AFDE-FE0A6CE804DA}.Debug|Win32.Build.0 = Debug|Win32
		{2BBE6946-5DCD-4A9D-AFDE-FE0A6CE804DA}.Release|Win32.ActiveCfg = Release|Win32
		{2BBE6946-5DCD-4A9D-AFDE-FE0A6CE804DA}.Release|Win32.Build.0 = Release|Win32
		{2BBE6946-5DCD-4A9D-AFDE-FE0A6CE804DA}.UnicodeDebug|Win32.ActiveCfg = Debug|Win32
		{2BBE6946-5DCD-4A9D-AFDE-FE0A6CE804DA}.UnicodeDebug|Win32.Build.0 = Debug|Win32
		{2BBE6946-5DCD-4A9D-AFDE-FE0A6CE804DA}.UnicodeRelease|Win32.ActiveCfg = Release|Win32
		{2BBE6946-5DCD-4A9D-AFDE-FE0A6CE804DA}.UnicodeRelease|Win32.Build.0 = Release|Win32
		{E106ACD7-4E53-4AEE-942B-D0DD426DB34E}.Debug|Win32.ActiveCfg = Debug|Win32
		{E106ACD7-4E53-4AEE-942B-D0DD426DB34E}.Debug|Win32.Build.0 = Debug|Win32
		{E106ACD7-4E53-4AEE-942B-D0DD426DB34E}.Release|Win32.ActiveCfg = Release|Win32
		{E106ACD7-4E53-4AEE-942B-D0DD426DB34E}.Release|Win32.Build.0 = Release|Win32
		{E106ACD7-4E53-4AEE-942B-D0DD426DB34E}.UnicodeDebug|Win32.ActiveCfg = UnicodeDebug|Win32
		{E106ACD7-4E53-4AEE-942B-D0DD426DB34E}.UnicodeDebug|Win32.Build.0 = UnicodeDebug|Win32
		{E106ACD7-4E53-4AEE-942B-D0DD426DB34E}.UnicodeRelease|Win32.ActiveCfg = UnicodeRelease|Win32
		{E106ACD7-4E53-4AEE-942B-D0DD426DB34E}.UnicodeRelease|Win32.Build.0 = UnicodeRelease|Win32
		{C24C4F53-FB28-40EE-B690-954E8A40A7B4}.Debug|Win32.ActiveCfg = Debug|Win32
		{C24C4F53-FB28-40EE-B690-954E8A40A7B4}.Debug|Win32.Build.0 = Debug|Win32
		{C24C4F53-FB28-40EE-B690-954E8A40A7B4}.Release|Win32.ActiveCfg = Release|Win32
		{C24C4F53-FB28-40EE-B690-954E8A40A7B4}.Release|Win32.Build.0 = Release|Win32
		{C24C4F53-FB28-40EE-B690-954E8A40A7B4}.UnicodeDebug|Win32.ActiveCfg = Debug|Win32
		{C24C4F53-FB28-40EE-B690-954E8A40A7B4}.UnicodeDebug|Win32.Build.0 = Debug|Win32
		{C24C4F53-FB28-40EE-B690-954E8A40A7B4}.UnicodeRelease|Win32.ActiveCfg = Release|Win32
		{C24C4F53-FB28-40EE-B690-954E8A40A7B4}.UnicodeRelease|Win32.Build.0 = Release|Win32
		{72183335-8902-463D-B911-90D02E9DB22F}.Debug|Win32.ActiveCfg = Debug|Win32
		{72183335-8902-463D-B911-90D02E9DB22F}.Debug|Win32.Build.0 = Debug|Win32
		{72183335-8902-463D-B911-90D02E9DB22F}.Release|Win32.ActiveCfg = Release|Win32
		{72183335-8902-463D-B911-90D02E9DB22F}.Release|Win32.Build.0 = Release|Win32
		{72183335-8902-463D-B911-90D02E9DB22F}.UnicodeDebug|Win32.ActiveCfg = Debug|Win32
		{72183335-8902-463D-B911-90D02E9DB22F}.UnicodeDebug|Win32.Build.0 = Debug|Win32
		{72183335-8902-463D-B911-90D02E9DB22F}.UnicodeRelease|Win32.ActiveCfg = Release|Win32
		{72183335-8902-463D-B911-90D02E9DB22F}.UnicodeRelease|Win32.Build.0 = Release|Win32
	EndGlobalSection
	GlobalSection(SolutionProperties) = preSolution
		HideSolutionNode = FALSE
	EndGlobalSection
EndGlobal
